// !$*UTF8*$!
{
	archiveVersion = 1;
	classes = {
	};
	objectVersion = 50;
	objects = {

/* Begin PBXBuildFile section */
		5C211E5C26B4F562009CA73F /* Terms.swift in Sources */ = {isa = PBXBuildFile; fileRef = 5C211E5B26B4F562009CA73F /* Terms.swift */; };
		5C211E6026B4FD45009CA73F /* Detail.swift in Sources */ = {isa = PBXBuildFile; fileRef = 5C211E5F26B4FD45009CA73F /* Detail.swift */; };
		5C6234C726B4D8E1007D7BC0 /* AboutApp.swift in Sources */ = {isa = PBXBuildFile; fileRef = 5C6234C626B4D8E1007D7BC0 /* AboutApp.swift */; };
		5C6234C926B4D8E1007D7BC0 /* ContentView.swift in Sources */ = {isa = PBXBuildFile; fileRef = 5C6234C826B4D8E1007D7BC0 /* ContentView.swift */; };
		5C6234CB26B4D8E2007D7BC0 /* Assets.xcassets in Resources */ = {isa = PBXBuildFile; fileRef = 5C6234CA26B4D8E2007D7BC0 /* Assets.xcassets */; };
		5C6234CE26B4D8E2007D7BC0 /* Preview Assets.xcassets in Resources */ = {isa = PBXBuildFile; fileRef = 5C6234CD26B4D8E2007D7BC0 /* Preview Assets.xcassets */; };
		5C744F1426B612C0005FCD0D /* Help.swift in Sources */ = {isa = PBXBuildFile; fileRef = 5C744F1326B612C0005FCD0D /* Help.swift */; };
		5C744F1626B62967005FCD0D /* Help_Topics.swift in Sources */ = {isa = PBXBuildFile; fileRef = 5C744F1526B62967005FCD0D /* Help_Topics.swift */; };
/* End PBXBuildFile section */

/* Begin PBXFileReference section */
		5C211E5B26B4F562009CA73F /* Terms.swift */ = {isa = PBXFileReference; lastKnownFileType = sourcecode.swift; path = Terms.swift; sourceTree = "<group>"; };
		5C211E5F26B4FD45009CA73F /* Detail.swift */ = {isa = PBXFileReference; lastKnownFileType = sourcecode.swift; path = Detail.swift; sourceTree = "<group>"; };
		5C6234C326B4D8E1007D7BC0 /* About.app */ = {isa = PBXFileReference; explicitFileType = wrapper.application; includeInIndex = 0; path = About.app; sourceTree = BUILT_PRODUCTS_DIR; };
		5C6234C626B4D8E1007D7BC0 /* AboutApp.swift */ = {isa = PBXFileReference; lastKnownFileType = sourcecode.swift; path = AboutApp.swift; sourceTree = "<group>"; };
		5C6234C826B4D8E1007D7BC0 /* ContentView.swift */ = {isa = PBXFileReference; lastKnownFileType = sourcecode.swift; path = ContentView.swift; sourceTree = "<group>"; };
		5C6234CA26B4D8E2007D7BC0 /* Assets.xcassets */ = {isa = PBXFileReference; lastKnownFileType = folder.assetcatalog; path = Assets.xcassets; sourceTree = "<group>"; };
		5C6234CD26B4D8E2007D7BC0 /* Preview Assets.xcassets */ = {isa = PBXFileReference; lastKnownFileType = folder.assetcatalog; path = "Preview Assets.xcassets"; sourceTree = "<group>"; };
		5C6234CF26B4D8E2007D7BC0 /* Info.plist */ = {isa = PBXFileReference; lastKnownFileType = text.plist.xml; path = Info.plist; sourceTree = "<group>"; };
		5C744F1326B612C0005FCD0D /* Help.swift */ = {isa = PBXFileReference; lastKnownFileType = sourcecode.swift; path = Help.swift; sourceTree = "<group>"; wrapsLines = 1; };
		5C744F1526B62967005FCD0D /* Help_Topics.swift */ = {isa = PBXFileReference; lastKnownFileType = sourcecode.swift; path = Help_Topics.swift; sourceTree = "<group>"; };
/* End PBXFileReference section */

/* Begin PBXFrameworksBuildPhase section */
		5C6234C026B4D8E1007D7BC0 /* Frameworks */ = {
			isa = PBXFrameworksBuildPhase;
			buildActionMask = 2147483647;
			files = (
			);
			runOnlyForDeploymentPostprocessing = 0;
		};
/* End PBXFrameworksBuildPhase section */

/* Begin PBXGroup section */
		5C6234BA26B4D8E1007D7BC0 = {
			isa = PBXGroup;
			children = (
				5C6234C526B4D8E1007D7BC0 /* About */,
				5C6234C426B4D8E1007D7BC0 /* Products */,
			);
			sourceTree = "<group>";
		};
		5C6234C426B4D8E1007D7BC0 /* Products */ = {
			isa = PBXGroup;
			children = (
				5C6234C326B4D8E1007D7BC0 /* About.app */,
			);
			name = Products;
			sourceTree = "<group>";
		};
		5C6234C526B4D8E1007D7BC0 /* About */ = {
			isa = PBXGroup;
			children = (
				5C6234C626B4D8E1007D7BC0 /* AboutApp.swift */,
				5C6234C826B4D8E1007D7BC0 /* ContentView.swift */,
				5C6234CA26B4D8E2007D7BC0 /* Assets.xcassets */,
				5C6234CF26B4D8E2007D7BC0 /* Info.plist */,
				5C6234CC26B4D8E2007D7BC0 /* Preview Content */,
				5C211E5B26B4F562009CA73F /* Terms.swift */,
				5C211E5F26B4FD45009CA73F /* Detail.swift */,
				5C744F1326B612C0005FCD0D /* Help.swift */,
				5C744F1526B62967005FCD0D /* Help_Topics.swift */,
			);
			path = About;
			sourceTree = "<group>";
		};
		5C6234CC26B4D8E2007D7BC0 /* Preview Content */ = {
			isa = PBXGroup;
			children = (
				5C6234CD26B4D8E2007D7BC0 /* Preview Assets.xcassets */,
			);
			path = "Preview Content";
			sourceTree = "<group>";
		};
/* End PBXGroup section */

/* Begin PBXNativeTarget section */
		5C6234C226B4D8E1007D7BC0 /* About */ = {
			isa = PBXNativeTarget;
			buildConfigurationList = 5C6234D226B4D8E2007D7BC0 /* Build configuration list for PBXNativeTarget "About" */;
			buildPhases = (
				5C6234BF26B4D8E1007D7BC0 /* Sources */,
				5C6234C026B4D8E1007D7BC0 /* Frameworks */,
				5C6234C126B4D8E1007D7BC0 /* Resources */,
			);
			buildRules = (
			);
			dependencies = (
			);
			name = About;
			productName = About;
			productReference = 5C6234C326B4D8E1007D7BC0 /* About.app */;
			productType = "com.apple.product-type.application";
		};
/* End PBXNativeTarget section */

/* Begin PBXProject section */
		5C6234BB26B4D8E1007D7BC0 /* Project object */ = {
			isa = PBXProject;
			attributes = {
				LastSwiftUpdateCheck = 1250;
				LastUpgradeCheck = 1250;
				TargetAttributes = {
					5C6234C226B4D8E1007D7BC0 = {
						CreatedOnToolsVersion = 12.5.1;
					};
				};
			};
			buildConfigurationList = 5C6234BE26B4D8E1007D7BC0 /* Build configuration list for PBXProject "About" */;
			compatibilityVersion = "Xcode 9.3";
			developmentRegion = en;
			hasScannedForEncodings = 0;
			knownRegions = (
				en,
				Base,
			);
			mainGroup = 5C6234BA26B4D8E1007D7BC0;
			productRefGroup = 5C6234C426B4D8E1007D7BC0 /* Products */;
			projectDirPath = "";
			projectRoot = "";
			targets = (
				5C6234C226B4D8E1007D7BC0 /* About */,
			);
		};
/* End PBXProject section */

/* Begin PBXResourcesBuildPhase section */
		5C6234C126B4D8E1007D7BC0 /* Resources */ = {
			isa = PBXResourcesBuildPhase;
			buildActionMask = 2147483647;
			files = (
				5C6234CE26B4D8E2007D7BC0 /* Preview Assets.xcassets in Resources */,
				5C6234CB26B4D8E2007D7BC0 /* Assets.xcassets in Resources */,
			);
			runOnlyForDeploymentPostprocessing = 0;
		};
/* End PBXResourcesBuildPhase section */

/* Begin PBXSourcesBuildPhase section */
		5C6234BF26B4D8E1007D7BC0 /* Sources */ = {
			isa = PBXSourcesBuildPhase;
			buildActionMask = 2147483647;
			files = (
				5C744F1626B62967005FCD0D /* Help_Topics.swift in Sources */,
				5C744F1426B612C0005FCD0D /* Help.swift in Sources */,
				5C6234C926B4D8E1007D7BC0 /* ContentView.swift in Sources */,
				5C6234C726B4D8E1007D7BC0 /* AboutApp.swift in Sources */,
				5C211E6026B4FD45009CA73F /* Detail.swift in Sources */,
				5C211E5C26B4F562009CA73F /* Terms.swift in Sources */,
			);
			runOnlyForDeploymentPostprocessing = 0;
		};
/* End PBXSourcesBuildPhase section */

/* Begin XCBuildConfiguration section */
		5C6234D026B4D8E2007D7BC0 /* Debug */ = {
			isa = XCBuildConfiguration;
			buildSettings = {
				ALWAYS_SEARCH_USER_PATHS = NO;
				CLANG_ANALYZER_NONNULL = YES;
				CLANG_ANALYZER_NUMBER_OBJECT_CONVERSION = YES_AGGRESSIVE;
				CLANG_CXX_LANGUAGE_STANDARD = "gnu++14";
				CLANG_CXX_LIBRARY = "libc++";
				CLANG_ENABLE_MODULES = YES;
				CLANG_ENABLE_OBJC_ARC = YES;
				CLANG_ENABLE_OBJC_WEAK = YES;
				CLANG_WARN_BLOCK_CAPTURE_AUTORELEASING = YES;
				CLANG_WARN_BOOL_CONVERSION = YES;
				CLANG_WARN_COMMA = YES;
				CLANG_WARN_CONSTANT_CONVERSION = YES;
				CLANG_WARN_DEPRECATED_OBJC_IMPLEMENTATIONS = YES;
				CLANG_WARN_DIRECT_OBJC_ISA_USAGE = YES_ERROR;
				CLANG_WARN_DOCUMENTATION_COMMENTS = YES;
				CLANG_WARN_EMPTY_BODY = YES;
				CLANG_WARN_ENUM_CONVERSION = YES;
				CLANG_WARN_INFINITE_RECURSION = YES;
				CLANG_WARN_INT_CONVERSION = YES;
				CLANG_WARN_NON_LITERAL_NULL_CONVERSION = YES;
				CLANG_WARN_OBJC_IMPLICIT_RETAIN_SELF = YES;
				CLANG_WARN_OBJC_LITERAL_CONVERSION = YES;
				CLANG_WARN_OBJC_ROOT_CLASS = YES_ERROR;
				CLANG_WARN_QUOTED_INCLUDE_IN_FRAMEWORK_HEADER = YES;
				CLANG_WARN_RANGE_LOOP_ANALYSIS = YES;
				CLANG_WARN_STRICT_PROTOTYPES = YES;
				CLANG_WARN_SUSPICIOUS_MOVE = YES;
				CLANG_WARN_UNGUARDED_AVAILABILITY = YES_AGGRESSIVE;
				CLANG_WARN_UNREACHABLE_CODE = YES;
				CLANG_WARN__DUPLICATE_METHOD_MATCH = YES;
				COPY_PHASE_STRIP = NO;
				DEBUG_INFORMATION_FORMAT = dwarf;
				ENABLE_STRICT_OBJC_MSGSEND = YES;
				ENABLE_TESTABILITY = YES;
				GCC_C_LANGUAGE_STANDARD = gnu11;
				GCC_DYNAMIC_NO_PIC = NO;
				GCC_NO_COMMON_BLOCKS = YES;
				GCC_OPTIMIZATION_LEVEL = 0;
				GCC_PREPROCESSOR_DEFINITIONS = (
					"DEBUG=1",
					"$(inherited)",
				);
				GCC_WARN_64_TO_32_BIT_CONVERSION = YES;
				GCC_WARN_ABOUT_RETURN_TYPE = YES_ERROR;
				GCC_WARN_UNDECLARED_SELECTOR = YES;
				GCC_WARN_UNINITIALIZED_AUTOS = YES_AGGRESSIVE;
				GCC_WARN_UNUSED_FUNCTION = YES;
				GCC_WARN_UNUSED_VARIABLE = YES;
				IPHONEOS_DEPLOYMENT_TARGET = 14.5;
				MTL_ENABLE_DEBUG_INFO = INCLUDE_SOURCE;
				MTL_FAST_MATH = YES;
				ONLY_ACTIVE_ARCH = YES;
				SDKROOT = iphoneos;
				SWIFT_ACTIVE_COMPILATION_CONDITIONS = DEBUG;
				SWIFT_OPTIMIZATION_LEVEL = "-Onone";
			};
			name = Debug;
		};
		5C6234D126B4D8E2007D7BC0 /* Release */ = {
			isa = XCBuildConfiguration;
			buildSettings = {
				ALWAYS_SEARCH_USER_PATHS = NO;
				CLANG_ANALYZER_NONNULL = YES;
				CLANG_ANALYZER_NUMBER_OBJECT_CONVERSION = YES_AGGRESSIVE;
				CLANG_CXX_LANGUAGE_STANDARD = "gnu++14";
				CLANG_CXX_LIBRARY = "libc++";
				CLANG_ENABLE_MODULES = YES;
				CLANG_ENABLE_OBJC_ARC = YES;
				CLANG_ENABLE_OBJC_WEAK = YES;
				CLANG_WARN_BLOCK_CAPTURE_AUTORELEASING = YES;
				CLANG_WARN_BOOL_CONVERSION = YES;
				CLANG_WARN_COMMA = YES;
				CLANG_WARN_CONSTANT_CONVERSION = YES;
				CLANG_WARN_DEPRECATED_OBJC_IMPLEMENTATIONS = YES;
				CLANG_WARN_DIRECT_OBJC_ISA_USAGE = YES_ERROR;
				CLANG_WARN_DOCUMENTATION_COMMENTS = YES;
				CLANG_WARN_EMPTY_BODY = YES;
				CLANG_WARN_ENUM_CONVERSION = YES;
				CLANG_WARN_INFINITE_RECURSION = YES;
				CLANG_WARN_INT_CONVERSION = YES;
				CLANG_WARN_NON_LITERAL_NULL_CONVERSION = YES;
				CLANG_WARN_OBJC_IMPLICIT_RETAIN_SELF = YES;
				CLANG_WARN_OBJC_LITERAL_CONVERSION = YES;
				CLANG_WARN_OBJC_ROOT_CLASS = YES_ERROR;
				CLANG_WARN_QUOTED_INCLUDE_IN_FRAMEWORK_HEADER = YES;
				CLANG_WARN_RANGE_LOOP_ANALYSIS = YES;
				CLANG_WARN_STRICT_PROTOTYPES = YES;
				CLANG_WARN_SUSPICIOUS_MOVE = YES;
				CLANG_WARN_UNGUARDED_AVAILABILITY = YES_AGGRESSIVE;
				CLANG_WARN_UNREACHABLE_CODE = YES;
				CLANG_WARN__DUPLICATE_METHOD_MATCH = YES;
				COPY_PHASE_STRIP = NO;
				DEBUG_INFORMATION_FORMAT = "dwarf-with-dsym";
				ENABLE_NS_ASSERTIONS = NO;
				ENABLE_STRICT_OBJC_MSGSEND = YES;
				GCC_C_LANGUAGE_STANDARD = gnu11;
				GCC_NO_COMMON_BLOCKS = YES;
				GCC_WARN_64_TO_32_BIT_CONVERSION = YES;
				GCC_WARN_ABOUT_RETURN_TYPE = YES_ERROR;
				GCC_WARN_UNDECLARED_SELECTOR = YES;
				GCC_WARN_UNINITIALIZED_AUTOS = YES_AGGRESSIVE;
				GCC_WARN_UNUSED_FUNCTION = YES;
				GCC_WARN_UNUSED_VARIABLE = YES;
				IPHONEOS_DEPLOYMENT_TARGET = 14.5;
				MTL_ENABLE_DEBUG_INFO = NO;
				MTL_FAST_MATH = YES;
				SDKROOT = iphoneos;
				SWIFT_COMPILATION_MODE = wholemodule;
				SWIFT_OPTIMIZATION_LEVEL = "-O";
				VALIDATE_PRODUCT = YES;
			};
			name = Release;
		};
		5C6234D326B4D8E2007D7BC0 /* Debug */ = {
			isa = XCBuildConfiguration;
			buildSettings = {
				ASSETCATALOG_COMPILER_APPICON_NAME = AppIcon;
				ASSETCATALOG_COMPILER_GLOBAL_ACCENT_COLOR_NAME = AccentColor;
				CODE_SIGN_STYLE = Automatic;
				DEVELOPMENT_ASSET_PATHS = "\"About/Preview Content\"";
				DEVELOPMENT_TEAM = NTU4WV7R5Q;
				ENABLE_PREVIEWS = YES;
				INFOPLIST_FILE = About/Info.plist;
				IPHONEOS_DEPLOYMENT_TARGET = 14.0;
				LD_RUNPATH_SEARCH_PATHS = (
					"$(inherited)",
					"@executable_path/Frameworks",
				);
				PRODUCT_BUNDLE_IDENTIFIER = Personal.About;
				PRODUCT_NAME = "$(TARGET_NAME)";
				SWIFT_VERSION = 5.0;
				TARGETED_DEVICE_FAMILY = "1,2";
			};
			name = Debug;
		};
		5C6234D426B4D8E2007D7BC0 /* Release */ = {
			isa = XCBuildConfiguration;
			buildSettings = {
				ASSETCATALOG_COMPILER_APPICON_NAME = AppIcon;
				ASSETCATALOG_COMPILER_GLOBAL_ACCENT_COLOR_NAME = AccentColor;
				CODE_SIGN_STYLE = Automatic;
				DEVELOPMENT_ASSET_PATHS = "\"About/Preview Content\"";
				DEVELOPMENT_TEAM = NTU4WV7R5Q;
				ENABLE_PREVIEWS = YES;
				INFOPLIST_FILE = About/Info.plist;
				IPHONEOS_DEPLOYMENT_TARGET = 14.0;
				LD_RUNPATH_SEARCH_PATHS = (
					"$(inherited)",
					"@executable_path/Frameworks",
				);
				PRODUCT_BUNDLE_IDENTIFIER = Personal.About;
				PRODUCT_NAME = "$(TARGET_NAME)";
				SWIFT_VERSION = 5.0;
				TARGETED_DEVICE_FAMILY = "1,2";
			};
			name = Release;
		};
/* End XCBuildConfiguration section */

/* Begin XCConfigurationList section */
		5C6234BE26B4D8E1007D7BC0 /* Build configuration list for PBXProject "About" */ = {
			isa = XCConfigurationList;
			buildConfigurations = (
				5C6234D026B4D8E2007D7BC0 /* Debug */,
				5C6234D126B4D8E2007D7BC0 /* Release */,
			);
			defaultConfigurationIsVisible = 0;
			defaultConfigurationName = Release;
		};
		5C6234D226B4D8E2007D7BC0 /* Build configuration list for PBXNativeTarget "About" */ = {
			isa = XCConfigurationList;
			buildConfigurations = (
				5C6234D326B4D8E2007D7BC0 /* Debug */,
				5C6234D426B4D8E2007D7BC0 /* Release */,
			);
			defaultConfigurationIsVisible = 0;
			defaultConfigurationName = Release;
		};
/* End XCConfigurationList section */
	};
	rootObject = 5C6234BB26B4D8E1007D7BC0 /* Project object */;
}
